# This is a Gradle generated file for dependency locking.
# Manual edits can break the build and are not advised.
# This file is expected to be part of source control.
androidx.activity:activity-ktx:1.8.1=debugCompileClasspath,debugUnitTestCompileClasspath,debugUnitTestRuntimeClasspath
androidx.activity:activity:1.8.1=debugCompileClasspath,debugUnitTestCompileClasspath,debugUnitTestRuntimeClasspath
androidx.annotation:annotation-experimental:1.4.0=debugCompileClasspath,debugUnitTestCompileClasspath,debugUnitTestRuntimeClasspath
androidx.annotation:annotation:1.2.0=debugCompileClasspath,debugUnitTestCompileClasspath,debugUnitTestRuntimeClasspath
androidx.appcompat:appcompat-resources:1.2.0=debugUnitTestRuntimeClasspath
androidx.appcompat:appcompat:1.2.0=debugUnitTestRuntimeClasspath
androidx.arch.core:core-common:2.2.0=debugCompileClasspath,debugUnitTestCompileClasspath,debugUnitTestRuntimeClasspath
androidx.arch.core:core-runtime:2.1.0=debugCompileClasspath,debugUnitTestCompileClasspath
androidx.arch.core:core-runtime:2.2.0=debugUnitTestRuntimeClasspath
androidx.biometric:biometric:1.1.0=debugCompileClasspath,debugUnitTestCompileClasspath,debugUnitTestRuntimeClasspath
androidx.collection:collection-ktx:1.1.0=debugCompileClasspath,debugUnitTestCompileClasspath,debugUnitTestRuntimeClasspath
androidx.collection:collection:1.1.0=debugCompileClasspath,debugUnitTestCompileClasspath,debugUnitTestRuntimeClasspath
androidx.concurrent:concurrent-futures:1.1.0=debugUnitTestRuntimeClasspath
androidx.core:core-ktx:1.9.0=debugCompileClasspath,debugUnitTestCompileClasspath,debugUnitTestRuntimeClasspath
androidx.core:core:1.9.0=debugCompileClasspath,debugUnitTestCompileClasspath,debugUnitTestRuntimeClasspath
androidx.cursoradapter:cursoradapter:1.0.0=debugUnitTestRuntimeClasspath
androidx.customview:customview:1.0.0=debugCompileClasspath,debugUnitTestCompileClasspath,debugUnitTestRuntimeClasspath
androidx.drawerlayout:drawerlayout:1.0.0=debugUnitTestRuntimeClasspath
androidx.fragment:fragment-ktx:1.8.9=debugCompileClasspath,debugUnitTestCompileClasspath,debugUnitTestRuntimeClasspath
androidx.fragment:fragment:1.8.9=debugCompileClasspath,debugUnitTestCompileClasspath,debugUnitTestRuntimeClasspath
androidx.interpolator:interpolator:1.0.0=debugUnitTestRuntimeClasspath
androidx.lifecycle:lifecycle-common:2.6.1=debugCompileClasspath,debugUnitTestCompileClasspath,debugUnitTestRuntimeClasspath
androidx.lifecycle:lifecycle-livedata-core-ktx:2.6.1=debugCompileClasspath,debugUnitTestCompileClasspath,debugUnitTestRuntimeClasspath
androidx.lifecycle:lifecycle-livedata-core:2.6.1=debugCompileClasspath,debugUnitTestCompileClasspath,debugUnitTestRuntimeClasspath
androidx.lifecycle:lifecycle-livedata:2.6.1=debugCompileClasspath,debugUnitTestCompileClasspath,debugUnitTestRuntimeClasspath
androidx.lifecycle:lifecycle-runtime-ktx:2.6.1=debugCompileClasspath,debugUnitTestCompileClasspath,debugUnitTestRuntimeClasspath
androidx.lifecycle:lifecycle-runtime:2.6.1=debugCompileClasspath,debugUnitTestCompileClasspath,debugUnitTestRuntimeClasspath
androidx.lifecycle:lifecycle-viewmodel-ktx:2.6.1=debugCompileClasspath,debugUnitTestCompileClasspath,debugUnitTestRuntimeClasspath
androidx.lifecycle:lifecycle-viewmodel-savedstate:2.6.1=debugCompileClasspath,debugUnitTestCompileClasspath,debugUnitTestRuntimeClasspath
androidx.lifecycle:lifecycle-viewmodel:2.6.1=debugCompileClasspath,debugUnitTestCompileClasspath,debugUnitTestRuntimeClasspath
androidx.loader:loader:1.0.0=debugCompileClasspath,debugUnitTestCompileClasspath,debugUnitTestRuntimeClasspath
androidx.profileinstaller:profileinstaller:1.3.1=debugUnitTestRuntimeClasspath
androidx.savedstate:savedstate-ktx:1.2.1=debugCompileClasspath,debugUnitTestCompileClasspath,debugUnitTestRuntimeClasspath
androidx.savedstate:savedstate:1.2.1=debugCompileClasspath,debugUnitTestCompileClasspath,debugUnitTestRuntimeClasspath
androidx.startup:startup-runtime:1.1.1=debugUnitTestRuntimeClasspath
androidx.tracing:tracing:1.0.0=debugUnitTestRuntimeClasspath
androidx.vectordrawable:vectordrawable-animated:1.1.0=debugUnitTestRuntimeClasspath
androidx.vectordrawable:vectordrawable:1.1.0=debugUnitTestRuntimeClasspath
androidx.versionedparcelable:versionedparcelable:1.1.1=debugCompileClasspath,debugUnitTestCompileClasspath,debugUnitTestRuntimeClasspath
androidx.viewpager:viewpager:1.0.0=debugCompileClasspath,debugUnitTestCompileClasspath,debugUnitTestRuntimeClasspath
com.google.guava:listenablefuture:1.0=debugUnitTestRuntimeClasspath
junit:junit:4.13.2=debugUnitTestCompileClasspath,debugUnitTestRuntimeClasspath
org.hamcrest:hamcrest-core:1.3=debugUnitTestCompileClasspath,debugUnitTestRuntimeClasspath
org.jetbrains.kotlin:kotlin-build-tools-api:2.4.10=kotlinBuildToolsApiClasspath
org.jetbrains.kotlin:kotlin-build-tools-compat:2.4.10=kotlinBuildToolsApiClasspath
org.jetbrains.kotlin:kotlin-build-tools-cri-impl:2.4.10=kotlinBuildToolsApiClasspath
org.jetbrains.kotlin:kotlin-build-tools-impl:2.4.10=kotlinBuildToolsApiClasspath
org.jetbrains.kotlin:kotlin-compiler-embeddable:2.4.10=kotlinBuildToolsApiClasspath
org.jetbrains.kotlin:kotlin-compiler-runner:2.4.10=kotlinBuildToolsApiClasspath
org.jetbrains.kotlin:kotlin-daemon-client:2.4.10=kotlinBuildToolsApiClasspath
org.jetbrains.kotlin:kotlin-daemon-embeddable:2.4.10=kotlinBuildToolsApiClasspath
org.jetbrains.kotlin:kotlin-reflect:1.6.10=kotlinBuildToolsApiClasspath
org.jetbrains.kotlin:kotlin-script-runtime:2.4.10=kotlinBuildToolsApiClasspath
org.jetbrains.kotlin:kotlin-stdlib-common:2.4.10=debugCompileClasspath,debugUnitTestCompileClasspath,debugUnitTestRuntimeClasspath
org.jetbrains.kotlin:kotlin-stdlib-jdk7:1.8.0=debugCompileClasspath,debugUnitTestCompileClasspath,debugUnitTestRuntimeClasspath
org.jetbrains.kotlin:kotlin-stdlib-jdk8:1.8.0=debugCompileClasspath,debugUnitTestCompileClasspath,debugUnitTestRuntimeClasspath
org.jetbrains.kotlin:kotlin-stdlib:2.4.10=debugCompileClasspath,debugUnitTestCompileClasspath,debugUnitTestRuntimeClasspath,kotlinBuildToolsApiClasspath
org.jetbrains.kotlin:kotlin-tooling-core:2.4.10=kotlinBuildToolsApiClasspath
org.jetbrains.kotlinx:kotlinx-coroutines-android:1.6.4=debugCompileClasspath,debugUnitTestCompileClasspath,debugUnitTestRuntimeClasspath
org.jetbrains.kotlinx:kotlinx-coroutines-bom:1.6.4=debugCompileClasspath,debugUnitTestCompileClasspath,debugUnitTestRuntimeClasspath
org.jetbrains.kotlinx:kotlinx-coroutines-core-jvm:1.6.4=debugCompileClasspath,debugUnitTestCompileClasspath,debugUnitTestRuntimeClasspath
org.jetbrains.kotlinx:kotlinx-coroutines-core-jvm:1.8.0=kotlinBuildToolsApiClasspath
org.jetbrains.kotlinx:kotlinx-coroutines-core:1.6.4=debugCompileClasspath,debugUnitTestCompileClasspath,debugUnitTestRuntimeClasspath
org.jetbrains:annotations:13.0=debugCompileClasspath,debugUnitTestCompileClasspath,debugUnitTestRuntimeClasspath,kotlinBuildToolsApiClasspath
empty=androidApis,debugAnnotationProcessorClasspath,debugUnitTestAnnotationProcessorClasspath,kotlinCompilerPluginClasspath
